// !$*UTF8*$!
{
	archiveVersion = 1;
	classes = {
	};
	objectVersion = 46;
	objects = {

/* Begin PBXBuildFile section */
		214AAEEF19069B7E006FD99E /* Foundation.framework in Frameworks */ = {isa = PBXBuildFile; fileRef = 214AAEEE19069B7E006FD99E /* Foundation.framework */; };
		214AAEF119069B7E006FD99E /* CoreGraphics.framework in Frameworks */ = {isa = PBXBuildFile; fileRef = 214AAEF019069B7E006FD99E /* CoreGraphics.framework */; };
		214AAEF319069B7E006FD99E /* UIKit.framework in Frameworks */ = {isa = PBXBuildFile; fileRef = 214AAEF219069B7E006FD99E /* UIKit.framework */; };
		214AAEF919069B7E006FD99E /* InfoPlist.strings in Resources */ = {isa = PBXBuildFile; fileRef = 214AAEF719069B7E006FD99E /* InfoPlist.strings */; };
		214AAEFB19069B7E006FD99E /* main.m in Sources */ = {isa = PBXBuildFile; fileRef = 214AAEFA19069B7E006FD99E /* main.m */; };
		214AAEFF19069B7E006FD99E /* SHUAppDelegate.m in Sources */ = {isa = PBXBuildFile; fileRef = 214AAEFE19069B7E006FD99E /* SHUAppDelegate.m */; };
		214AAF0119069B7E006FD99E /* Images.xcassets in Resources */ = {isa = PBXBuildFile; fileRef = 214AAF0019069B7E006FD99E /* Images.xcassets */; };
		214AAF0819069B7E006FD99E /* XCTest.framework in Frameworks */ = {isa = PBXBuildFile; fileRef = 214AAF0719069B7E006FD99E /* XCTest.framework */; };
		214AAF0919069B7E006FD99E /* Foundation.framework in Frameworks */ = {isa = PBXBuildFile; fileRef = 214AAEEE19069B7E006FD99E /* Foundation.framework */; };
		214AAF0A19069B7E006FD99E /* UIKit.framework in Frameworks */ = {isa = PBXBuildFile; fileRef = 214AAEF219069B7E006FD99E /* UIKit.framework */; };
		214AAF1219069B7E006FD99E /* InfoPlist.strings in Resources */ = {isa = PBXBuildFile; fileRef = 214AAF1019069B7E006FD99E /* InfoPlist.strings */; };
		214AAF1419069B7E006FD99E /* TableViewTests.m in Sources */ = {isa = PBXBuildFile; fileRef = 214AAF1319069B7E006FD99E /* TableViewTests.m */; };
		214AAF2019069B9D006FD99E /* BaseTableViewController.m in Sources */ = {isa = PBXBuildFile; fileRef = 214AAF1E19069B9D006FD99E /* BaseTableViewController.m */; };
		214AAF2119069B9D006FD99E /* BaseTableViewController.xib in Resources */ = {isa = PBXBuildFile; fileRef = 214AAF1F19069B9D006FD99E /* BaseTableViewController.xib */; };
		214AAF2419069BBC006FD99E /* TableViewController.m in Sources */ = {isa = PBXBuildFile; fileRef = 214AAF2319069BBC006FD99E /* TableViewController.m */; };
/* End PBXBuildFile section */

/* Begin PBXContainerItemProxy section */
		214AAF0B19069B7E006FD99E /* PBXContainerItemProxy */ = {
			isa = PBXContainerItemProxy;
			containerPortal = 214AAEE319069B7E006FD99E /* Project object */;
			proxyType = 1;
			remoteGlobalIDString = 214AAEEA19069B7E006FD99E;
			remoteInfo = TableView;
		};
/* End PBXContainerItemProxy section */

/* Begin PBXFileReference section */
		214AAEEB19069B7E006FD99E /* TableView.app */ = {isa = PBXFileReference; explicitFileType = wrapper.application; includeInIndex = 0; path = TableView.app; sourceTree = BUILT_PRODUCTS_DIR; };
		214AAEEE19069B7E006FD99E /* Foundation.framework */ = {isa = PBXFileReference; lastKnownFileType = wrapper.framework; name = Foundation.framework; path = System/Library/Frameworks/Foundation.framework; sourceTree = SDKROOT; };
		214AAEF019069B7E006FD99E /* CoreGraphics.framework */ = {isa = PBXFileReference; lastKnownFileType = wrapper.framework; name = CoreGraphics.framework; path = System/Library/Frameworks/CoreGraphics.framework; sourceTree = SDKROOT; };
		214AAEF219069B7E006FD99E /* UIKit.framework */ = {isa = PBXFileReference; lastKnownFileType = wrapper.framework; name = UIKit.framework; path = System/Library/Frameworks/UIKit.framework; sourceTree = SDKROOT; };
		214AAEF619069B7E006FD99E /* TableView-Info.plist */ = {isa = PBXFileReference; lastKnownFileType = text.plist.xml; path = "TableView-Info.plist"; sourceTree = "<group>"; };
		214AAEF819069B7E006FD99E /* en */ = {isa = PBXFileReference; lastKnownFileType = text.plist.strings; name = en; path = en.lproj/InfoPlist.strings; sourceTree = "<group>"; };
		214AAEFA19069B7E006FD99E /* main.m */ = {isa = PBXFileReference; lastKnownFileType = sourcecode.c.objc; path = main.m; sourceTree = "<group>"; };
		214AAEFC19069B7E006FD99E /* TableView-Prefix.pch */ = {isa = PBXFileReference; lastKnownFileType = sourcecode.c.h; path = "TableView-Prefix.pch"; sourceTree = "<group>"; };
		214AAEFD19069B7E006FD99E /* SHUAppDelegate.h */ = {isa = PBXFileReference; lastKnownFileType = sourcecode.c.h; path = SHUAppDelegate.h; sourceTree = "<group>"; };
		214AAEFE19069B7E006FD99E /* SHUAppDelegate.m */ = {isa = PBXFileReference; lastKnownFileType = sourcecode.c.objc; path = SHUAppDelegate.m; sourceTree = "<group>"; };
		214AAF0019069B7E006FD99E /* Images.xcassets */ = {isa = PBXFileReference; lastKnownFileType = folder.assetcatalog; path = Images.xcassets; sourceTree = "<group>"; };
		214AAF0619069B7E006FD99E /* TableViewTests.xctest */ = {isa = PBXFileReference; explicitFileType = wrapper.cfbundle; includeInIndex = 0; path = TableViewTests.xctest; sourceTree = BUILT_PRODUCTS_DIR; };
		214AAF0719069B7E006FD99E /* XCTest.framework */ = {isa = PBXFileReference; lastKnownFileType = wrapper.framework; name = XCTest.framework; path = Library/Frameworks/XCTest.framework; sourceTree = DEVELOPER_DIR; };
		214AAF0F19069B7E006FD99E /* TableViewTests-Info.plist */ = {isa = PBXFileReference; lastKnownFileType = text.plist.xml; path = "TableViewTests-Info.plist"; sourceTree = "<group>"; };
		214AAF1119069B7E006FD99E /* en */ = {isa = PBXFileReference; lastKnownFileType = text.plist.strings; name = en; path = en.lproj/InfoPlist.strings; sourceTree = "<group>"; };
		214AAF1319069B7E006FD99E /* TableViewTests.m */ = {isa = PBXFileReference; lastKnownFileType = sourcecode.c.objc; path = TableViewTests.m; sourceTree = "<group>"; };
		214AAF1D19069B9D006FD99E /* BaseTableViewController.h */ = {isa = PBXFileReference; fileEncoding = 4; lastKnownFileType = sourcecode.c.h; path = BaseTableViewController.h; sourceTree = "<group>"; };
		214AAF1E19069B9D006FD99E /* BaseTableViewController.m */ = {isa = PBXFileReference; fileEncoding = 4; lastKnownFileType = sourcecode.c.objc; path = BaseTableViewController.m; sourceTree = "<group>"; };
		214AAF1F19069B9D006FD99E /* BaseTableViewController.xib */ = {isa = PBXFileReference; fileEncoding = 4; lastKnownFileType = file.xib; path = BaseTableViewController.xib; sourceTree = "<group>"; };
		214AAF2219069BBC006FD99E /* TableViewController.h */ = {isa = PBXFileReference; fileEncoding = 4; lastKnownFileType = sourcecode.c.h; path = TableViewController.h; sourceTree = "<group>"; };
		214AAF2319069BBC006FD99E /* TableViewController.m */ = {isa = PBXFileReference; fileEncoding = 4; lastKnownFileType = sourcecode.c.objc; path = TableViewController.m; sourceTree = "<group>"; };
/* End PBXFileReference section */

/* Begin PBXFrameworksBuildPhase section */
		214AAEE819069B7E006FD99E /* Frameworks */ = {
			isa = PBXFrameworksBuildPhase;
			buildActionMask = 2147483647;
			files = (
				214AAEF119069B7E006FD99E /* CoreGraphics.framework in Frameworks */,
				214AAEF319069B7E006FD99E /* UIKit.framework in Frameworks */,
				214AAEEF19069B7E006FD99E /* Foundation.framework in Frameworks */,
			);
			runOnlyForDeploymentPostprocessing = 0;
		};
		214AAF0319069B7E006FD99E /* Frameworks */ = {
			isa = PBXFrameworksBuildPhase;
			buildActionMask = 2147483647;
			files = (
				214AAF0819069B7E006FD99E /* XCTest.framework in Frameworks */,
				214AAF0A19069B7E006FD99E /* UIKit.framework in Frameworks */,
				214AAF0919069B7E006FD99E /* Foundation.framework in Frameworks */,
			);
			runOnlyForDeploymentPostprocessing = 0;
		};
/* End PBXFrameworksBuildPhase section */

/* Begin PBXGroup section */
		214AAEE219069B7E006FD99E = {
			isa = PBXGroup;
			children = (
				214AAEF419069B7E006FD99E /* TableView */,
				214AAF0D19069B7E006FD99E /* TableViewTests */,
				214AAEED19069B7E006FD99E /* Frameworks */,
				214AAEEC19069B7E006FD99E /* Products */,
			);
			sourceTree = "<group>";
		};
		214AAEEC19069B7E006FD99E /* Products */ = {
			isa = PBXGroup;
			children = (
				214AAEEB19069B7E006FD99E /* TableView.app */,
				214AAF0619069B7E006FD99E /* TableViewTests.xctest */,
			);
			name = Products;
			sourceTree = "<group>";
		};
		214AAEED19069B7E006FD99E /* Frameworks */ = {
			isa = PBXGroup;
			children = (
				214AAEEE19069B7E006FD99E /* Foundation.framework */,
				214AAEF019069B7E006FD99E /* CoreGraphics.framework */,
				214AAEF219069B7E006FD99E /* UIKit.framework */,
				214AAF0719069B7E006FD99E /* XCTest.framework */,
			);
			name = Frameworks;
			sourceTree = "<group>";
		};
		214AAEF419069B7E006FD99E /* TableView */ = {
			isa = PBXGroup;
			children = (
				214AAEFD19069B7E006FD99E /* SHUAppDelegate.h */,
				214AAEFE19069B7E006FD99E /* SHUAppDelegate.m */,
				214AAF1D19069B9D006FD99E /* BaseTableViewController.h */,
				214AAF1E19069B9D006FD99E /* BaseTableViewController.m */,
				214AAF2219069BBC006FD99E /* TableViewController.h */,
				214AAF2319069BBC006FD99E /* TableViewController.m */,
				214AAF1F19069B9D006FD99E /* BaseTableViewController.xib */,
				214AAF0019069B7E006FD99E /* Images.xcassets */,
				214AAEF519069B7E006FD99E /* Supporting Files */,
			);
			path = TableView;
			sourceTree = "<group>";
		};
		214AAEF519069B7E006FD99E /* Supporting Files */ = {
			isa = PBXGroup;
			children = (
				214AAEF619069B7E006FD99E /* TableView-Info.plist */,
				214AAEF719069B7E006FD99E /* InfoPlist.strings */,
				214AAEFA19069B7E006FD99E /* main.m */,
				214AAEFC19069B7E006FD99E /* TableView-Prefix.pch */,
			);
			name = "Supporting Files";
			sourceTree = "<group>";
		};
		214AAF0D19069B7E006FD99E /* TableViewTests */ = {
			isa = PBXGroup;
			children = (
				214AAF1319069B7E006FD99E /* TableViewTests.m */,
				214AAF0E19069B7E006FD99E /* Supporting Files */,
			);
			path = TableViewTests;
			sourceTree = "<group>";
		};
		214AAF0E19069B7E006FD99E /* Supporting Files */ = {
			isa = PBXGroup;
			children = (
				214AAF0F19069B7E006FD99E /* TableViewTests-Info.plist */,
				214AAF1019069B7E006FD99E /* InfoPlist.strings */,
			);
			name = "Supporting Files";
			sourceTree = "<group>";
		};
/* End PBXGroup section */

/* Begin PBXNativeTarget section */
		214AAEEA19069B7E006FD99E /* TableView */ = {
			isa = PBXNativeTarget;
			buildConfigurationList = 214AAF1719069B7E006FD99E /* Build configuration list for PBXNativeTarget "TableView" */;
			buildPhases = (
				214AAEE719069B7E006FD99E /* Sources */,
				214AAEE819069B7E006FD99E /* Frameworks */,
				214AAEE919069B7E006FD99E /* Resources */,
			);
			buildRules = (
			);
			dependencies = (
			);
			name = TableView;
			productName = TableView;
			productReference = 214AAEEB19069B7E006FD99E /* TableView.app */;
			productType = "com.apple.product-type.application";
		};
		214AAF0519069B7E006FD99E /* TableViewTests */ = {
			isa = PBXNativeTarget;
			buildConfigurationList = 214AAF1A19069B7E006FD99E /* Build configuration list for PBXNativeTarget "TableViewTests" */;
			buildPhases = (
				214AAF0219069B7E006FD99E /* Sources */,
				214AAF0319069B7E006FD99E /* Frameworks */,
				214AAF0419069B7E006FD99E /* Resources */,
			);
			buildRules = (
			);
			dependencies = (
				214AAF0C19069B7E006FD99E /* PBXTargetDependency */,
			);
			name = TableViewTests;
			productName = TableViewTests;
			productReference = 214AAF0619069B7E006FD99E /* TableViewTests.xctest */;
			productType = "com.apple.product-type.bundle.unit-test";
		};
/* End PBXNativeTarget section */

/* Begin PBXProject section */
		214AAEE319069B7E006FD99E /* Project object */ = {
			isa = PBXProject;
			attributes = {
				CLASSPREFIX = SHU;
				LastUpgradeCheck = 0510;
				ORGANIZATIONNAME = "___FULLUSERNAME___";
				TargetAttributes = {
					214AAF0519069B7E006FD99E = {
						TestTargetID = 214AAEEA19069B7E006FD99E;
					};
				};
			};
			buildConfigurationList = 214AAEE619069B7E006FD99E /* Build configuration list for PBXProject "TableView" */;
			compatibilityVersion = "Xcode 3.2";
			developmentRegion = English;
			hasScannedForEncodings = 0;
			knownRegions = (
				en,
			);
			mainGroup = 214AAEE219069B7E006FD99E;
			productRefGroup = 214AAEEC19069B7E006FD99E /* Products */;
			projectDirPath = "";
			projectRoot = "";
			targets = (
				214AAEEA19069B7E006FD99E /* TableView */,
				214AAF0519069B7E006FD99E /* TableViewTests */,
			);
		};
/* End PBXProject section */

/* Begin PBXResourcesBuildPhase section */
		214AAEE919069B7E006FD99E /* Resources */ = {
			isa = PBXResourcesBuildPhase;
			buildActionMask = 2147483647;
			files = (
				214AAEF919069B7E006FD99E /* InfoPlist.strings in Resources */,
				214AAF0119069B7E006FD99E /* Images.xcassets in Resources */,
				214AAF2119069B9D006FD99E /* BaseTableViewController.xib in Resources */,
			);
			runOnlyForDeploymentPostprocessing = 0;
		};
		214AAF0419069B7E006FD99E /* Resources */ = {
			isa = PBXResourcesBuildPhase;
			buildActionMask = 2147483647;
			files = (
				214AAF1219069B7E006FD99E /* InfoPlist.strings in Resources */,
			);
			runOnlyForDeploymentPostprocessing = 0;
		};
/* End PBXResourcesBuildPhase section */

/* Begin PBXSourcesBuildPhase section */
		214AAEE719069B7E006FD99E /* Sources */ = {
			isa = PBXSourcesBuildPhase;
			buildActionMask = 2147483647;
			files = (
				214AAEFB19069B7E006FD99E /* main.m in Sources */,
				214AAF2019069B9D006FD99E /* BaseTableViewController.m in Sources */,
				214AAEFF19069B7E006FD99E /* SHUAppDelegate.m in Sources */,
				214AAF2419069BBC006FD99E /* TableViewController.m in Sources */,
			);
			runOnlyForDeploymentPostprocessing = 0;
		};
		214AAF0219069B7E006FD99E /* Sources */ = {
			isa = PBXSourcesBuildPhase;
			buildActionMask = 2147483647;
			files = (
				214AAF1419069B7E006FD99E /* TableViewTests.m in Sources */,
			);
			runOnlyForDeploymentPostprocessing = 0;
		};
/* End PBXSourcesBuildPhase section */

/* Begin PBXTargetDependency section */
		214AAF0C19069B7E006FD99E /* PBXTargetDependency */ = {
			isa = PBXTargetDependency;
			target = 214AAEEA19069B7E006FD99E /* TableView */;
			targetProxy = 214AAF0B19069B7E006FD99E /* PBXContainerItemProxy */;
		};
/* End PBXTargetDependency section */

/* Begin PBXVariantGroup section */
		214AAEF719069B7E006FD99E /* InfoPlist.strings */ = {
			isa = PBXVariantGroup;
			children = (
				214AAEF819069B7E006FD99E /* en */,
			);
			name = InfoPlist.strings;
			sourceTree = "<group>";
		};
		214AAF1019069B7E006FD99E /* InfoPlist.strings */ = {
			isa = PBXVariantGroup;
			children = (
				214AAF1119069B7E006FD99E /* en */,
			);
			name = InfoPlist.strings;
			sourceTree = "<group>";
		};
/* End PBXVariantGroup section */

/* Begin XCBuildConfiguration section */
		214AAF1519069B7E006FD99E /* Debug */ = {
			isa = XCBuildConfiguration;
			buildSettings = {
				ALWAYS_SEARCH_USER_PATHS = NO;
				CLANG_CXX_LANGUAGE_STANDARD = "gnu++0x";
				CLANG_CXX_LIBRARY = "libc++";
				CLANG_ENABLE_MODULES = YES;
				CLANG_ENABLE_OBJC_ARC = YES;
				CLANG_WARN_BOOL_CONVERSION = YES;
				CLANG_WARN_CONSTANT_CONVERSION = YES;
				CLANG_WARN_DIRECT_OBJC_ISA_USAGE = YES_ERROR;
				CLANG_WARN_EMPTY_BODY = YES;
				CLANG_WARN_ENUM_CONVERSION = YES;
				CLANG_WARN_INT_CONVERSION = YES;
				CLANG_WARN_OBJC_ROOT_CLASS = YES_ERROR;
				CLANG_WARN__DUPLICATE_METHOD_MATCH = YES;
				"CODE_SIGN_IDENTITY[sdk=iphoneos*]" = "iPhone Developer";
				COPY_PHASE_STRIP = NO;
				GCC_C_LANGUAGE_STANDARD = gnu99;
				GCC_DYNAMIC_NO_PIC = NO;
				GCC_OPTIMIZATION_LEVEL = 0;
				GCC_PREPROCESSOR_DEFINITIONS = (
					"DEBUG=1",
					"$(inherited)",
				);
				GCC_SYMBOLS_PRIVATE_EXTERN = NO;
				GCC_WARN_64_TO_32_BIT_CONVERSION = YES;
				GCC_WARN_ABOUT_RETURN_TYPE = YES_ERROR;
				GCC_WARN_UNDECLARED_SELECTOR = YES;
				GCC_WARN_UNINITIALIZED_AUTOS = YES_AGGRESSIVE;
				GCC_WARN_UNUSED_FUNCTION = YES;
				GCC_WARN_UNUSED_VARIABLE = YES;
				IPHONEOS_DEPLOYMENT_TARGET = 7.1;
				ONLY_ACTIVE_ARCH = YES;
				SDKROOT = iphoneos;
			};
			name = Debug;
		};
		214AAF1619069B7E006FD99E /* Release */ = {
			isa = XCBuildConfiguration;
			buildSettings = {
				ALWAYS_SEARCH_USER_PATHS = NO;
				CLANG_CXX_LANGUAGE_STANDARD = "gnu++0x";
				CLANG_CXX_LIBRARY = "libc++";
				CLANG_ENABLE_MODULES = YES;
				CLANG_ENABLE_OBJC_ARC = YES;
				CLANG_WARN_BOOL_CONVERSION = YES;
				CLANG_WARN_CONSTANT_CONVERSION = YES;
				CLANG_WARN_DIRECT_OBJC_ISA_USAGE = YES_ERROR;
				CLANG_WARN_EMPTY_BODY = YES;
				CLANG_WARN_ENUM_CONVERSION = YES;
				CLANG_WARN_INT_CONVERSION = YES;
				CLANG_WARN_OBJC_ROOT_CLASS = YES_ERROR;
				CLANG_WARN__DUPLICATE_METHOD_MATCH = YES;
				"CODE_SIGN_IDENTITY[sdk=iphoneos*]" = "iPhone Developer";
				COPY_PHASE_STRIP = YES;
				ENABLE_NS_ASSERTIONS = NO;
				GCC_C_LANGUAGE_STANDARD = gnu99;
				GCC_WARN_64_TO_32_BIT_CONVERSION = YES;
				GCC_WARN_ABOUT_RETURN_TYPE = YES_ERROR;
				GCC_WARN_UNDECLARED_SELECTOR = YES;
				GCC_WARN_UNINITIALIZED_AUTOS = YES_AGGRESSIVE;
				GCC_WARN_UNUSED_FUNCTION = YES;
				GCC_WARN_UNUSED_VARIABLE = YES;
				IPHONEOS_DEPLOYMENT_TARGET = 7.1;
				SDKROOT = iphoneos;
				VALIDATE_PRODUCT = YES;
			};
			name = Release;
		};
		214AAF1819069B7E006FD99E /* Debug */ = {
			isa = XCBuildConfiguration;
			buildSettings = {
				ASSETCATALOG_COMPILER_APPICON_NAME = AppIcon;
				ASSETCATALOG_COMPILER_LAUNCHIMAGE_NAME = LaunchImage;
				GCC_PRECOMPILE_PREFIX_HEADER = YES;
				GCC_PREFIX_HEADER = "TableView/TableView-Prefix.pch";
				INFOPLIST_FILE = "TableView/TableView-Info.plist";
				PRODUCT_NAME = "$(TARGET_NAME)";
				WRAPPER_EXTENSION = app;
			};
			name = Debug;
		};
		214AAF1919069B7E006FD99E /* Release */ = {
			isa = XCBuildConfiguration;
			buildSettings = {
				ASSETCATALOG_COMPILER_APPICON_NAME = AppIcon;
				ASSETCATALOG_COMPILER_LAUNCHIMAGE_NAME = LaunchImage;
				GCC_PRECOMPILE_PREFIX_HEADER = YES;
				GCC_PREFIX_HEADER = "TableView/TableView-Prefix.pch";
				INFOPLIST_FILE = "TableView/TableView-Info.plist";
				PRODUCT_NAME = "$(TARGET_NAME)";
				WRAPPER_EXTENSION = app;
			};
			name = Release;
		};
		214AAF1B19069B7E006FD99E /* Debug */ = {
			isa = XCBuildConfiguration;
			buildSettings = {
				BUNDLE_LOADER = "$(BUILT_PRODUCTS_DIR)/TableView.app/TableView";
				FRAMEWORK_SEARCH_PATHS = (
					"$(SDKROOT)/Developer/Library/Frameworks",
					"$(inherited)",
					"$(DEVELOPER_FRAMEWORKS_DIR)",
				);
				GCC_PRECOMPILE_PREFIX_HEADER = YES;
				GCC_PREFIX_HEADER = "TableView/TableView-Prefix.pch";
				GCC_PREPROCESSOR_DEFINITIONS = (
					"DEBUG=1",
					"$(inherited)",
				);
				INFOPLIST_FILE = "TableViewTests/TableViewTests-Info.plist";
				PRODUCT_NAME = "$(TARGET_NAME)";
				TEST_HOST = "$(BUNDLE_LOADER)";
				WRAPPER_EXTENSION = xctest;
			};
			name = Debug;
		};
		214AAF1C19069B7E006FD99E /* Release */ = {
			isa = XCBuildConfiguration;
			buildSettings = {
				BUNDLE_LOADER = "$(BUILT_PRODUCTS_DIR)/TableView.app/TableView";
				FRAMEWORK_SEARCH_PATHS = (
					"$(SDKROOT)/Developer/Library/Frameworks",
					"$(inherited)",
					"$(DEVELOPER_FRAMEWORKS_DIR)",
				);
				GCC_PRECOMPILE_PREFIX_HEADER = YES;
				GCC_PREFIX_HEADER = "TableView/TableView-Prefix.pch";
				INFOPLIST_FILE = "TableViewTests/TableViewTests-Info.plist";
				PRODUCT_NAME = "$(TARGET_NAME)";
				TEST_HOST = "$(BUNDLE_LOADER)";
				WRAPPER_EXTENSION = xctest;
			};
			name = Release;
		};
/* End XCBuildConfiguration section */

/* Begin XCConfigurationList section */
		214AAEE619069B7E006FD99E /* Build configuration list for PBXProject "TableView" */ = {
			isa = XCConfigurationList;
			buildConfigurations = (
				214AAF1519069B7E006FD99E /* Debug */,
				214AAF1619069B7E006FD99E /* Release */,
			);
			defaultConfigurationIsVisible = 0;
			defaultConfigurationName = Release;
		};
		214AAF1719069B7E006FD99E /* Build configuration list for PBXNativeTarget "TableView" */ = {
			isa = XCConfigurationList;
			buildConfigurations = (
				214AAF1819069B7E006FD99E /* Debug */,
				214AAF1919069B7E006FD99E /* Release */,
			);
			defaultConfigurationIsVisible = 0;
		};
		214AAF1A19069B7E006FD99E /* Build configuration list for PBXNativeTarget "TableViewTests" */ = {
			isa = XCConfigurationList;
			buildConfigurations = (
				214AAF1B19069B7E006FD99E /* Debug */,
				214AAF1C19069B7E006FD99E /* Release */,
			);
			defaultConfigurationIsVisible = 0;
		};
/* End XCConfigurationList section */
	};
	rootObject = 214AAEE319069B7E006FD99E /* Project object */;
}
