// !$*UTF8*$!
{
	archiveVersion = 1;
	classes = {
	};
	objectVersion = 46;
	objects = {

/* Begin PBXBuildFile section */
		21B715A519054D9200AD7D3E /* Foundation.framework in Frameworks */ = {isa = PBXBuildFile; fileRef = 21B715A419054D9200AD7D3E /* Foundation.framework */; };
		21B715A719054D9200AD7D3E /* CoreGraphics.framework in Frameworks */ = {isa = PBXBuildFile; fileRef = 21B715A619054D9200AD7D3E /* CoreGraphics.framework */; };
		21B715A919054D9200AD7D3E /* UIKit.framework in Frameworks */ = {isa = PBXBuildFile; fileRef = 21B715A819054D9200AD7D3E /* UIKit.framework */; };
		21B715AF19054D9200AD7D3E /* InfoPlist.strings in Resources */ = {isa = PBXBuildFile; fileRef = 21B715AD19054D9200AD7D3E /* InfoPlist.strings */; };
		21B715B119054D9200AD7D3E /* main.m in Sources */ = {isa = PBXBuildFile; fileRef = 21B715B019054D9200AD7D3E /* main.m */; };
		21B715B519054D9200AD7D3E /* SHUAppDelegate.m in Sources */ = {isa = PBXBuildFile; fileRef = 21B715B419054D9200AD7D3E /* SHUAppDelegate.m */; };
		21B715B819054D9200AD7D3E /* Main.storyboard in Resources */ = {isa = PBXBuildFile; fileRef = 21B715B619054D9200AD7D3E /* Main.storyboard */; };
		21B715BB19054D9200AD7D3E /* SHUColorPickerViewController.m in Sources */ = {isa = PBXBuildFile; fileRef = 21B715BA19054D9200AD7D3E /* SHUColorPickerViewController.m */; };
		21B715BD19054D9200AD7D3E /* Images.xcassets in Resources */ = {isa = PBXBuildFile; fileRef = 21B715BC19054D9200AD7D3E /* Images.xcassets */; };
		21B715C419054D9200AD7D3E /* XCTest.framework in Frameworks */ = {isa = PBXBuildFile; fileRef = 21B715C319054D9200AD7D3E /* XCTest.framework */; };
		21B715C519054D9200AD7D3E /* Foundation.framework in Frameworks */ = {isa = PBXBuildFile; fileRef = 21B715A419054D9200AD7D3E /* Foundation.framework */; };
		21B715C619054D9200AD7D3E /* UIKit.framework in Frameworks */ = {isa = PBXBuildFile; fileRef = 21B715A819054D9200AD7D3E /* UIKit.framework */; };
		21B715CE19054D9200AD7D3E /* InfoPlist.strings in Resources */ = {isa = PBXBuildFile; fileRef = 21B715CC19054D9200AD7D3E /* InfoPlist.strings */; };
		21B715D019054D9200AD7D3E /* SHUColorPickerExampleTests.m in Sources */ = {isa = PBXBuildFile; fileRef = 21B715CF19054D9200AD7D3E /* SHUColorPickerExampleTests.m */; };
		21B715DC190559D500AD7D3E /* colormap.png in Resources */ = {isa = PBXBuildFile; fileRef = 21B715DB190559D500AD7D3E /* colormap.png */; };
		54253761AFC5417CBAF0B78D /* libPods.a in Frameworks */ = {isa = PBXBuildFile; fileRef = 77BB37EB8BBC446EA312DFA0 /* libPods.a */; };
		FA61FEC77C7D4D5CBAC19049 /* libPods.a in Frameworks */ = {isa = PBXBuildFile; fileRef = 77BB37EB8BBC446EA312DFA0 /* libPods.a */; };
/* End PBXBuildFile section */

/* Begin PBXContainerItemProxy section */
		21B715C719054D9200AD7D3E /* PBXContainerItemProxy */ = {
			isa = PBXContainerItemProxy;
			containerPortal = 21B7159919054D9200AD7D3E /* Project object */;
			proxyType = 1;
			remoteGlobalIDString = 21B715A019054D9200AD7D3E;
			remoteInfo = SHUColorPickerExample;
		};
/* End PBXContainerItemProxy section */

/* Begin PBXFileReference section */
		11D504C85B844662A7869196 /* Pods.xcconfig */ = {isa = PBXFileReference; includeInIndex = 1; lastKnownFileType = text.xcconfig; name = Pods.xcconfig; path = Pods/Pods.xcconfig; sourceTree = "<group>"; };
		21B715A119054D9200AD7D3E /* SHUColorPickerExample.app */ = {isa = PBXFileReference; explicitFileType = wrapper.application; includeInIndex = 0; path = SHUColorPickerExample.app; sourceTree = BUILT_PRODUCTS_DIR; };
		21B715A419054D9200AD7D3E /* Foundation.framework */ = {isa = PBXFileReference; lastKnownFileType = wrapper.framework; name = Foundation.framework; path = System/Library/Frameworks/Foundation.framework; sourceTree = SDKROOT; };
		21B715A619054D9200AD7D3E /* CoreGraphics.framework */ = {isa = PBXFileReference; lastKnownFileType = wrapper.framework; name = CoreGraphics.framework; path = System/Library/Frameworks/CoreGraphics.framework; sourceTree = SDKROOT; };
		21B715A819054D9200AD7D3E /* UIKit.framework */ = {isa = PBXFileReference; lastKnownFileType = wrapper.framework; name = UIKit.framework; path = System/Library/Frameworks/UIKit.framework; sourceTree = SDKROOT; };
		21B715AC19054D9200AD7D3E /* SHUColorPickerExample-Info.plist */ = {isa = PBXFileReference; lastKnownFileType = text.plist.xml; path = "SHUColorPickerExample-Info.plist"; sourceTree = "<group>"; };
		21B715AE19054D9200AD7D3E /* en */ = {isa = PBXFileReference; lastKnownFileType = text.plist.strings; name = en; path = en.lproj/InfoPlist.strings; sourceTree = "<group>"; };
		21B715B019054D9200AD7D3E /* main.m */ = {isa = PBXFileReference; lastKnownFileType = sourcecode.c.objc; path = main.m; sourceTree = "<group>"; };
		21B715B219054D9200AD7D3E /* SHUColorPickerExample-Prefix.pch */ = {isa = PBXFileReference; lastKnownFileType = sourcecode.c.h; path = "SHUColorPickerExample-Prefix.pch"; sourceTree = "<group>"; };
		21B715B319054D9200AD7D3E /* SHUAppDelegate.h */ = {isa = PBXFileReference; lastKnownFileType = sourcecode.c.h; path = SHUAppDelegate.h; sourceTree = "<group>"; };
		21B715B419054D9200AD7D3E /* SHUAppDelegate.m */ = {isa = PBXFileReference; lastKnownFileType = sourcecode.c.objc; path = SHUAppDelegate.m; sourceTree = "<group>"; };
		21B715B719054D9200AD7D3E /* Base */ = {isa = PBXFileReference; lastKnownFileType = file.storyboard; name = Base; path = Base.lproj/Main.storyboard; sourceTree = "<group>"; };
		21B715B919054D9200AD7D3E /* SHUColorPickerViewController.h */ = {isa = PBXFileReference; lastKnownFileType = sourcecode.c.h; path = SHUColorPickerViewController.h; sourceTree = "<group>"; };
		21B715BA19054D9200AD7D3E /* SHUColorPickerViewController.m */ = {isa = PBXFileReference; lastKnownFileType = sourcecode.c.objc; path = SHUColorPickerViewController.m; sourceTree = "<group>"; };
		21B715BC19054D9200AD7D3E /* Images.xcassets */ = {isa = PBXFileReference; lastKnownFileType = folder.assetcatalog; path = Images.xcassets; sourceTree = "<group>"; };
		21B715C219054D9200AD7D3E /* SHUColorPickerExampleTests.xctest */ = {isa = PBXFileReference; explicitFileType = wrapper.cfbundle; includeInIndex = 0; path = SHUColorPickerExampleTests.xctest; sourceTree = BUILT_PRODUCTS_DIR; };
		21B715C319054D9200AD7D3E /* XCTest.framework */ = {isa = PBXFileReference; lastKnownFileType = wrapper.framework; name = XCTest.framework; path = Library/Frameworks/XCTest.framework; sourceTree = DEVELOPER_DIR; };
		21B715CB19054D9200AD7D3E /* SHUColorPickerExampleTests-Info.plist */ = {isa = PBXFileReference; lastKnownFileType = text.plist.xml; path = "SHUColorPickerExampleTests-Info.plist"; sourceTree = "<group>"; };
		21B715CD19054D9200AD7D3E /* en */ = {isa = PBXFileReference; lastKnownFileType = text.plist.strings; name = en; path = en.lproj/InfoPlist.strings; sourceTree = "<group>"; };
		21B715CF19054D9200AD7D3E /* SHUColorPickerExampleTests.m */ = {isa = PBXFileReference; lastKnownFileType = sourcecode.c.objc; path = SHUColorPickerExampleTests.m; sourceTree = "<group>"; };
		21B715DB190559D500AD7D3E /* colormap.png */ = {isa = PBXFileReference; lastKnownFileType = image.png; name = colormap.png; path = ../../Assets/colormap.png; sourceTree = "<group>"; };
		77BB37EB8BBC446EA312DFA0 /* libPods.a */ = {isa = PBXFileReference; explicitFileType = archive.ar; includeInIndex = 0; path = libPods.a; sourceTree = BUILT_PRODUCTS_DIR; };
/* End PBXFileReference section */

/* Begin PBXFrameworksBuildPhase section */
		21B7159E19054D9200AD7D3E /* Frameworks */ = {
			isa = PBXFrameworksBuildPhase;
			buildActionMask = 2147483647;
			files = (
				21B715A719054D9200AD7D3E /* CoreGraphics.framework in Frameworks */,
				21B715A919054D9200AD7D3E /* UIKit.framework in Frameworks */,
				21B715A519054D9200AD7D3E /* Foundation.framework in Frameworks */,
				54253761AFC5417CBAF0B78D /* libPods.a in Frameworks */,
			);
			runOnlyForDeploymentPostprocessing = 0;
		};
		21B715BF19054D9200AD7D3E /* Frameworks */ = {
			isa = PBXFrameworksBuildPhase;
			buildActionMask = 2147483647;
			files = (
				21B715C419054D9200AD7D3E /* XCTest.framework in Frameworks */,
				21B715C619054D9200AD7D3E /* UIKit.framework in Frameworks */,
				21B715C519054D9200AD7D3E /* Foundation.framework in Frameworks */,
				FA61FEC77C7D4D5CBAC19049 /* libPods.a in Frameworks */,
			);
			runOnlyForDeploymentPostprocessing = 0;
		};
/* End PBXFrameworksBuildPhase section */

/* Begin PBXGroup section */
		21B7159819054D9200AD7D3E = {
			isa = PBXGroup;
			children = (
				21B715AA19054D9200AD7D3E /* SHUColorPickerExample */,
				21B715C919054D9200AD7D3E /* SHUColorPickerExampleTests */,
				21B715A319054D9200AD7D3E /* Frameworks */,
				21B715A219054D9200AD7D3E /* Products */,
				11D504C85B844662A7869196 /* Pods.xcconfig */,
			);
			sourceTree = "<group>";
		};
		21B715A219054D9200AD7D3E /* Products */ = {
			isa = PBXGroup;
			children = (
				21B715A119054D9200AD7D3E /* SHUColorPickerExample.app */,
				21B715C219054D9200AD7D3E /* SHUColorPickerExampleTests.xctest */,
			);
			name = Products;
			sourceTree = "<group>";
		};
		21B715A319054D9200AD7D3E /* Frameworks */ = {
			isa = PBXGroup;
			children = (
				21B715A419054D9200AD7D3E /* Foundation.framework */,
				21B715A619054D9200AD7D3E /* CoreGraphics.framework */,
				21B715A819054D9200AD7D3E /* UIKit.framework */,
				21B715C319054D9200AD7D3E /* XCTest.framework */,
				77BB37EB8BBC446EA312DFA0 /* libPods.a */,
			);
			name = Frameworks;
			sourceTree = "<group>";
		};
		21B715AA19054D9200AD7D3E /* SHUColorPickerExample */ = {
			isa = PBXGroup;
			children = (
				21B715B319054D9200AD7D3E /* SHUAppDelegate.h */,
				21B715B419054D9200AD7D3E /* SHUAppDelegate.m */,
				21B715B619054D9200AD7D3E /* Main.storyboard */,
				21B715B919054D9200AD7D3E /* SHUColorPickerViewController.h */,
				21B715BA19054D9200AD7D3E /* SHUColorPickerViewController.m */,
				21B715BC19054D9200AD7D3E /* Images.xcassets */,
				21B715DA1905599200AD7D3E /* Images */,
				21B715AB19054D9200AD7D3E /* Supporting Files */,
			);
			path = SHUColorPickerExample;
			sourceTree = "<group>";
		};
		21B715AB19054D9200AD7D3E /* Supporting Files */ = {
			isa = PBXGroup;
			children = (
				21B715AC19054D9200AD7D3E /* SHUColorPickerExample-Info.plist */,
				21B715AD19054D9200AD7D3E /* InfoPlist.strings */,
				21B715B019054D9200AD7D3E /* main.m */,
				21B715B219054D9200AD7D3E /* SHUColorPickerExample-Prefix.pch */,
			);
			name = "Supporting Files";
			sourceTree = "<group>";
		};
		21B715C919054D9200AD7D3E /* SHUColorPickerExampleTests */ = {
			isa = PBXGroup;
			children = (
				21B715CF19054D9200AD7D3E /* SHUColorPickerExampleTests.m */,
				21B715CA19054D9200AD7D3E /* Supporting Files */,
			);
			path = SHUColorPickerExampleTests;
			sourceTree = "<group>";
		};
		21B715CA19054D9200AD7D3E /* Supporting Files */ = {
			isa = PBXGroup;
			children = (
				21B715CB19054D9200AD7D3E /* SHUColorPickerExampleTests-Info.plist */,
				21B715CC19054D9200AD7D3E /* InfoPlist.strings */,
			);
			name = "Supporting Files";
			sourceTree = "<group>";
		};
		21B715DA1905599200AD7D3E /* Images */ = {
			isa = PBXGroup;
			children = (
				21B715DB190559D500AD7D3E /* colormap.png */,
			);
			name = Images;
			sourceTree = "<group>";
		};
/* End PBXGroup section */

/* Begin PBXNativeTarget section */
		21B715A019054D9200AD7D3E /* SHUColorPickerExample */ = {
			isa = PBXNativeTarget;
			buildConfigurationList = 21B715D319054D9200AD7D3E /* Build configuration list for PBXNativeTarget "SHUColorPickerExample" */;
			buildPhases = (
				4544942479C747FD89398538 /* Check Pods Manifest.lock */,
				21B7159D19054D9200AD7D3E /* Sources */,
				21B7159E19054D9200AD7D3E /* Frameworks */,
				21B7159F19054D9200AD7D3E /* Resources */,
				954F7A8A01B748F78A7F4225 /* Copy Pods Resources */,
			);
			buildRules = (
			);
			dependencies = (
			);
			name = SHUColorPickerExample;
			productName = SHUColorPickerExample;
			productReference = 21B715A119054D9200AD7D3E /* SHUColorPickerExample.app */;
			productType = "com.apple.product-type.application";
		};
		21B715C119054D9200AD7D3E /* SHUColorPickerExampleTests */ = {
			isa = PBXNativeTarget;
			buildConfigurationList = 21B715D619054D9200AD7D3E /* Build configuration list for PBXNativeTarget "SHUColorPickerExampleTests" */;
			buildPhases = (
				F553A888C48D40C88669FF03 /* Check Pods Manifest.lock */,
				21B715BE19054D9200AD7D3E /* Sources */,
				21B715BF19054D9200AD7D3E /* Frameworks */,
				21B715C019054D9200AD7D3E /* Resources */,
				43C938753B5C44E59657944B /* Copy Pods Resources */,
			);
			buildRules = (
			);
			dependencies = (
				21B715C819054D9200AD7D3E /* PBXTargetDependency */,
			);
			name = SHUColorPickerExampleTests;
			productName = SHUColorPickerExampleTests;
			productReference = 21B715C219054D9200AD7D3E /* SHUColorPickerExampleTests.xctest */;
			productType = "com.apple.product-type.bundle.unit-test";
		};
/* End PBXNativeTarget section */

/* Begin PBXProject section */
		21B7159919054D9200AD7D3E /* Project object */ = {
			isa = PBXProject;
			attributes = {
				CLASSPREFIX = SHU;
				LastUpgradeCheck = 0510;
				ORGANIZATIONNAME = "___FULLUSERNAME___";
				TargetAttributes = {
					21B715C119054D9200AD7D3E = {
						TestTargetID = 21B715A019054D9200AD7D3E;
					};
				};
			};
			buildConfigurationList = 21B7159C19054D9200AD7D3E /* Build configuration list for PBXProject "SHUColorPickerExample" */;
			compatibilityVersion = "Xcode 3.2";
			developmentRegion = English;
			hasScannedForEncodings = 0;
			knownRegions = (
				en,
				Base,
			);
			mainGroup = 21B7159819054D9200AD7D3E;
			productRefGroup = 21B715A219054D9200AD7D3E /* Products */;
			projectDirPath = "";
			projectRoot = "";
			targets = (
				21B715A019054D9200AD7D3E /* SHUColorPickerExample */,
				21B715C119054D9200AD7D3E /* SHUColorPickerExampleTests */,
			);
		};
/* End PBXProject section */

/* Begin PBXResourcesBuildPhase section */
		21B7159F19054D9200AD7D3E /* Resources */ = {
			isa = PBXResourcesBuildPhase;
			buildActionMask = 2147483647;
			files = (
				21B715DC190559D500AD7D3E /* colormap.png in Resources */,
				21B715BD19054D9200AD7D3E /* Images.xcassets in Resources */,
				21B715AF19054D9200AD7D3E /* InfoPlist.strings in Resources */,
				21B715B819054D9200AD7D3E /* Main.storyboard in Resources */,
			);
			runOnlyForDeploymentPostprocessing = 0;
		};
		21B715C019054D9200AD7D3E /* Resources */ = {
			isa = PBXResourcesBuildPhase;
			buildActionMask = 2147483647;
			files = (
				21B715CE19054D9200AD7D3E /* InfoPlist.strings in Resources */,
			);
			runOnlyForDeploymentPostprocessing = 0;
		};
/* End PBXResourcesBuildPhase section */

/* Begin PBXShellScriptBuildPhase section */
		43C938753B5C44E59657944B /* Copy Pods Resources */ = {
			isa = PBXShellScriptBuildPhase;
			buildActionMask = 2147483647;
			files = (
			);
			inputPaths = (
			);
			name = "Copy Pods Resources";
			outputPaths = (
			);
			runOnlyForDeploymentPostprocessing = 0;
			shellPath = /bin/sh;
			shellScript = "\"${SRCROOT}/Pods/Pods-resources.sh\"\n";
			showEnvVarsInLog = 0;
		};
		4544942479C747FD89398538 /* Check Pods Manifest.lock */ = {
			isa = PBXShellScriptBuildPhase;
			buildActionMask = 2147483647;
			files = (
			);
			inputPaths = (
			);
			name = "Check Pods Manifest.lock";
			outputPaths = (
			);
			runOnlyForDeploymentPostprocessing = 0;
			shellPath = /bin/sh;
			shellScript = "diff \"${PODS_ROOT}/../Podfile.lock\" \"${PODS_ROOT}/Manifest.lock\" > /dev/null\nif [[ $? != 0 ]] ; then\n    cat << EOM\nerror: The sandbox is not in sync with the Podfile.lock. Run 'pod install' or update your CocoaPods installation.\nEOM\n    exit 1\nfi\n";
			showEnvVarsInLog = 0;
		};
		954F7A8A01B748F78A7F4225 /* Copy Pods Resources */ = {
			isa = PBXShellScriptBuildPhase;
			buildActionMask = 2147483647;
			files = (
			);
			inputPaths = (
			);
			name = "Copy Pods Resources";
			outputPaths = (
			);
			runOnlyForDeploymentPostprocessing = 0;
			shellPath = /bin/sh;
			shellScript = "\"${SRCROOT}/Pods/Pods-resources.sh\"\n";
			showEnvVarsInLog = 0;
		};
		F553A888C48D40C88669FF03 /* Check Pods Manifest.lock */ = {
			isa = PBXShellScriptBuildPhase;
			buildActionMask = 2147483647;
			files = (
			);
			inputPaths = (
			);
			name = "Check Pods Manifest.lock";
			outputPaths = (
			);
			runOnlyForDeploymentPostprocessing = 0;
			shellPath = /bin/sh;
			shellScript = "diff \"${PODS_ROOT}/../Podfile.lock\" \"${PODS_ROOT}/Manifest.lock\" > /dev/null\nif [[ $? != 0 ]] ; then\n    cat << EOM\nerror: The sandbox is not in sync with the Podfile.lock. Run 'pod install' or update your CocoaPods installation.\nEOM\n    exit 1\nfi\n";
			showEnvVarsInLog = 0;
		};
/* End PBXShellScriptBuildPhase section */

/* Begin PBXSourcesBuildPhase section */
		21B7159D19054D9200AD7D3E /* Sources */ = {
			isa = PBXSourcesBuildPhase;
			buildActionMask = 2147483647;
			files = (
				21B715B119054D9200AD7D3E /* main.m in Sources */,
				21B715B519054D9200AD7D3E /* SHUAppDelegate.m in Sources */,
				21B715BB19054D9200AD7D3E /* SHUColorPickerViewController.m in Sources */,
			);
			runOnlyForDeploymentPostprocessing = 0;
		};
		21B715BE19054D9200AD7D3E /* Sources */ = {
			isa = PBXSourcesBuildPhase;
			buildActionMask = 2147483647;
			files = (
				21B715D019054D9200AD7D3E /* SHUColorPickerExampleTests.m in Sources */,
			);
			runOnlyForDeploymentPostprocessing = 0;
		};
/* End PBXSourcesBuildPhase section */

/* Begin PBXTargetDependency section */
		21B715C819054D9200AD7D3E /* PBXTargetDependency */ = {
			isa = PBXTargetDependency;
			target = 21B715A019054D9200AD7D3E /* SHUColorPickerExample */;
			targetProxy = 21B715C719054D9200AD7D3E /* PBXContainerItemProxy */;
		};
/* End PBXTargetDependency section */

/* Begin PBXVariantGroup section */
		21B715AD19054D9200AD7D3E /* InfoPlist.strings */ = {
			isa = PBXVariantGroup;
			children = (
				21B715AE19054D9200AD7D3E /* en */,
			);
			name = InfoPlist.strings;
			sourceTree = "<group>";
		};
		21B715B619054D9200AD7D3E /* Main.storyboard */ = {
			isa = PBXVariantGroup;
			children = (
				21B715B719054D9200AD7D3E /* Base */,
			);
			name = Main.storyboard;
			sourceTree = "<group>";
		};
		21B715CC19054D9200AD7D3E /* InfoPlist.strings */ = {
			isa = PBXVariantGroup;
			children = (
				21B715CD19054D9200AD7D3E /* en */,
			);
			name = InfoPlist.strings;
			sourceTree = "<group>";
		};
/* End PBXVariantGroup section */

/* Begin XCBuildConfiguration section */
		21B715D119054D9200AD7D3E /* Debug */ = {
			isa = XCBuildConfiguration;
			buildSettings = {
				ALWAYS_SEARCH_USER_PATHS = NO;
				CLANG_CXX_LANGUAGE_STANDARD = "gnu++0x";
				CLANG_CXX_LIBRARY = "libc++";
				CLANG_ENABLE_MODULES = YES;
				CLANG_ENABLE_OBJC_ARC = YES;
				CLANG_WARN_BOOL_CONVERSION = YES;
				CLANG_WARN_CONSTANT_CONVERSION = YES;
				CLANG_WARN_DIRECT_OBJC_ISA_USAGE = YES_ERROR;
				CLANG_WARN_EMPTY_BODY = YES;
				CLANG_WARN_ENUM_CONVERSION = YES;
				CLANG_WARN_INT_CONVERSION = YES;
				CLANG_WARN_OBJC_ROOT_CLASS = YES_ERROR;
				CLANG_WARN__DUPLICATE_METHOD_MATCH = YES;
				"CODE_SIGN_IDENTITY[sdk=iphoneos*]" = "iPhone Developer";
				COPY_PHASE_STRIP = NO;
				GCC_C_LANGUAGE_STANDARD = gnu99;
				GCC_DYNAMIC_NO_PIC = NO;
				GCC_OPTIMIZATION_LEVEL = 0;
				GCC_PREPROCESSOR_DEFINITIONS = (
					"DEBUG=1",
					"$(inherited)",
				);
				GCC_SYMBOLS_PRIVATE_EXTERN = NO;
				GCC_WARN_64_TO_32_BIT_CONVERSION = YES;
				GCC_WARN_ABOUT_RETURN_TYPE = YES_ERROR;
				GCC_WARN_UNDECLARED_SELECTOR = YES;
				GCC_WARN_UNINITIALIZED_AUTOS = YES_AGGRESSIVE;
				GCC_WARN_UNUSED_FUNCTION = YES;
				GCC_WARN_UNUSED_VARIABLE = YES;
				IPHONEOS_DEPLOYMENT_TARGET = 7.1;
				ONLY_ACTIVE_ARCH = YES;
				SDKROOT = iphoneos;
			};
			name = Debug;
		};
		21B715D219054D9200AD7D3E /* Release */ = {
			isa = XCBuildConfiguration;
			buildSettings = {
				ALWAYS_SEARCH_USER_PATHS = NO;
				CLANG_CXX_LANGUAGE_STANDARD = "gnu++0x";
				CLANG_CXX_LIBRARY = "libc++";
				CLANG_ENABLE_MODULES = YES;
				CLANG_ENABLE_OBJC_ARC = YES;
				CLANG_WARN_BOOL_CONVERSION = YES;
				CLANG_WARN_CONSTANT_CONVERSION = YES;
				CLANG_WARN_DIRECT_OBJC_ISA_USAGE = YES_ERROR;
				CLANG_WARN_EMPTY_BODY = YES;
				CLANG_WARN_ENUM_CONVERSION = YES;
				CLANG_WARN_INT_CONVERSION = YES;
				CLANG_WARN_OBJC_ROOT_CLASS = YES_ERROR;
				CLANG_WARN__DUPLICATE_METHOD_MATCH = YES;
				"CODE_SIGN_IDENTITY[sdk=iphoneos*]" = "iPhone Developer";
				COPY_PHASE_STRIP = YES;
				ENABLE_NS_ASSERTIONS = NO;
				GCC_C_LANGUAGE_STANDARD = gnu99;
				GCC_WARN_64_TO_32_BIT_CONVERSION = YES;
				GCC_WARN_ABOUT_RETURN_TYPE = YES_ERROR;
				GCC_WARN_UNDECLARED_SELECTOR = YES;
				GCC_WARN_UNINITIALIZED_AUTOS = YES_AGGRESSIVE;
				GCC_WARN_UNUSED_FUNCTION = YES;
				GCC_WARN_UNUSED_VARIABLE = YES;
				IPHONEOS_DEPLOYMENT_TARGET = 7.1;
				SDKROOT = iphoneos;
				VALIDATE_PRODUCT = YES;
			};
			name = Release;
		};
		21B715D419054D9200AD7D3E /* Debug */ = {
			isa = XCBuildConfiguration;
			baseConfigurationReference = 11D504C85B844662A7869196 /* Pods.xcconfig */;
			buildSettings = {
				ASSETCATALOG_COMPILER_APPICON_NAME = AppIcon;
				ASSETCATALOG_COMPILER_LAUNCHIMAGE_NAME = LaunchImage;
				GCC_PRECOMPILE_PREFIX_HEADER = YES;
				GCC_PREFIX_HEADER = "SHUColorPickerExample/SHUColorPickerExample-Prefix.pch";
				INFOPLIST_FILE = "SHUColorPickerExample/SHUColorPickerExample-Info.plist";
				PRODUCT_NAME = "$(TARGET_NAME)";
				WRAPPER_EXTENSION = app;
			};
			name = Debug;
		};
		21B715D519054D9200AD7D3E /* Release */ = {
			isa = XCBuildConfiguration;
			baseConfigurationReference = 11D504C85B844662A7869196 /* Pods.xcconfig */;
			buildSettings = {
				ASSETCATALOG_COMPILER_APPICON_NAME = AppIcon;
				ASSETCATALOG_COMPILER_LAUNCHIMAGE_NAME = LaunchImage;
				GCC_PRECOMPILE_PREFIX_HEADER = YES;
				GCC_PREFIX_HEADER = "SHUColorPickerExample/SHUColorPickerExample-Prefix.pch";
				INFOPLIST_FILE = "SHUColorPickerExample/SHUColorPickerExample-Info.plist";
				PRODUCT_NAME = "$(TARGET_NAME)";
				WRAPPER_EXTENSION = app;
			};
			name = Release;
		};
		21B715D719054D9200AD7D3E /* Debug */ = {
			isa = XCBuildConfiguration;
			baseConfigurationReference = 11D504C85B844662A7869196 /* Pods.xcconfig */;
			buildSettings = {
				BUNDLE_LOADER = "$(BUILT_PRODUCTS_DIR)/SHUColorPickerExample.app/SHUColorPickerExample";
				FRAMEWORK_SEARCH_PATHS = (
					"$(SDKROOT)/Developer/Library/Frameworks",
					"$(inherited)",
					"$(DEVELOPER_FRAMEWORKS_DIR)",
				);
				GCC_PRECOMPILE_PREFIX_HEADER = YES;
				GCC_PREFIX_HEADER = "SHUColorPickerExample/SHUColorPickerExample-Prefix.pch";
				GCC_PREPROCESSOR_DEFINITIONS = (
					"DEBUG=1",
					"$(inherited)",
				);
				INFOPLIST_FILE = "SHUColorPickerExampleTests/SHUColorPickerExampleTests-Info.plist";
				PRODUCT_NAME = "$(TARGET_NAME)";
				TEST_HOST = "$(BUNDLE_LOADER)";
				WRAPPER_EXTENSION = xctest;
			};
			name = Debug;
		};
		21B715D819054D9200AD7D3E /* Release */ = {
			isa = XCBuildConfiguration;
			baseConfigurationReference = 11D504C85B844662A7869196 /* Pods.xcconfig */;
			buildSettings = {
				BUNDLE_LOADER = "$(BUILT_PRODUCTS_DIR)/SHUColorPickerExample.app/SHUColorPickerExample";
				FRAMEWORK_SEARCH_PATHS = (
					"$(SDKROOT)/Developer/Library/Frameworks",
					"$(inherited)",
					"$(DEVELOPER_FRAMEWORKS_DIR)",
				);
				GCC_PRECOMPILE_PREFIX_HEADER = YES;
				GCC_PREFIX_HEADER = "SHUColorPickerExample/SHUColorPickerExample-Prefix.pch";
				INFOPLIST_FILE = "SHUColorPickerExampleTests/SHUColorPickerExampleTests-Info.plist";
				PRODUCT_NAME = "$(TARGET_NAME)";
				TEST_HOST = "$(BUNDLE_LOADER)";
				WRAPPER_EXTENSION = xctest;
			};
			name = Release;
		};
/* End XCBuildConfiguration section */

/* Begin XCConfigurationList section */
		21B7159C19054D9200AD7D3E /* Build configuration list for PBXProject "SHUColorPickerExample" */ = {
			isa = XCConfigurationList;
			buildConfigurations = (
				21B715D119054D9200AD7D3E /* Debug */,
				21B715D219054D9200AD7D3E /* Release */,
			);
			defaultConfigurationIsVisible = 0;
			defaultConfigurationName = Release;
		};
		21B715D319054D9200AD7D3E /* Build configuration list for PBXNativeTarget "SHUColorPickerExample" */ = {
			isa = XCConfigurationList;
			buildConfigurations = (
				21B715D419054D9200AD7D3E /* Debug */,
				21B715D519054D9200AD7D3E /* Release */,
			);
			defaultConfigurationIsVisible = 0;
			defaultConfigurationName = Release;
		};
		21B715D619054D9200AD7D3E /* Build configuration list for PBXNativeTarget "SHUColorPickerExampleTests" */ = {
			isa = XCConfigurationList;
			buildConfigurations = (
				21B715D719054D9200AD7D3E /* Debug */,
				21B715D819054D9200AD7D3E /* Release */,
			);
			defaultConfigurationIsVisible = 0;
			defaultConfigurationName = Release;
		};
/* End XCConfigurationList section */
	};
	rootObject = 21B7159919054D9200AD7D3E /* Project object */;
}
